// !$*UTF8*$!
{
	archiveVersion = 1;
	classes = {
	};
	objectVersion = 55;
	objects = {

/* Begin PBXBuildFile section */
		7BB874F1274BB57A00082D28 /* AppDelegate.swift in Sources */ = {isa = PBXBuildFile; fileRef = 7BB874F0274BB57A00082D28 /* AppDelegate.swift */; };
		7BB874F3274BB57A00082D28 /* SceneDelegate.swift in Sources */ = {isa = PBXBuildFile; fileRef = 7BB874F2274BB57A00082D28 /* SceneDelegate.swift */; };
		7BB874F5274BB57A00082D28 /* ViewController.swift in Sources */ = {isa = PBXBuildFile; fileRef = 7BB874F4274BB57A00082D28 /* ViewController.swift */; };
		7BB874F8274BB57A00082D28 /* Main.storyboard in Resources */ = {isa = PBXBuildFile; fileRef = 7BB874F6274BB57A00082D28 /* Main.storyboard */; };
		7BB874FA274BB57B00082D28 /* Assets.xcassets in Resources */ = {isa = PBXBuildFile; fileRef = 7BB874F9274BB57B00082D28 /* Assets.xcassets */; };
		7BB874FD274BB57B00082D28 /* LaunchScreen.storyboard in Resources */ = {isa = PBXBuildFile; fileRef = 7BB874FB274BB57B00082D28 /* LaunchScreen.storyboard */; };
		7BB87506274BBBD500082D28 /* ProfileCell.swift in Sources */ = {isa = PBXBuildFile; fileRef = 7BB87504274BBBD500082D28 /* ProfileCell.swift */; };
		7BB87507274BBBD500082D28 /* ProfileCell.xib in Resources */ = {isa = PBXBuildFile; fileRef = 7BB87505274BBBD500082D28 /* ProfileCell.xib */; };
		7BB8750A274BC7B500082D28 /* MenuCell.swift in Sources */ = {isa = PBXBuildFile; fileRef = 7BB87508274BC7B500082D28 /* MenuCell.swift */; };
		7BB8750B274BC7B500082D28 /* MenuCell.xib in Resources */ = {isa = PBXBuildFile; fileRef = 7BB87509274BC7B500082D28 /* MenuCell.xib */; };
		7BB8750D274BED0A00082D28 /* SettingModel.swift in Sources */ = {isa = PBXBuildFile; fileRef = 7BB8750C274BED0A00082D28 /* SettingModel.swift */; };
		7BB8750F274C060D00082D28 /* GeneralViewController.swift in Sources */ = {isa = PBXBuildFile; fileRef = 7BB8750E274C060D00082D28 /* GeneralViewController.swift */; };
		7BB87511274C064D00082D28 /* GeneralViewController.storyboard in Resources */ = {isa = PBXBuildFile; fileRef = 7BB87510274C064D00082D28 /* GeneralViewController.storyboard */; };
/* End PBXBuildFile section */

/* Begin PBXFileReference section */
		7BB874ED274BB57A00082D28 /* Setting_Clone_App.app */ = {isa = PBXFileReference; explicitFileType = wrapper.application; includeInIndex = 0; path = Setting_Clone_App.app; sourceTree = BUILT_PRODUCTS_DIR; };
		7BB874F0274BB57A00082D28 /* AppDelegate.swift */ = {isa = PBXFileReference; lastKnownFileType = sourcecode.swift; path = AppDelegate.swift; sourceTree = "<group>"; };
		7BB874F2274BB57A00082D28 /* SceneDelegate.swift */ = {isa = PBXFileReference; lastKnownFileType = sourcecode.swift; path = SceneDelegate.swift; sourceTree = "<group>"; };
		7BB874F4274BB57A00082D28 /* ViewController.swift */ = {isa = PBXFileReference; lastKnownFileType = sourcecode.swift; path = ViewController.swift; sourceTree = "<group>"; };
		7BB874F7274BB57A00082D28 /* Base */ = {isa = PBXFileReference; lastKnownFileType = file.storyboard; name = Base; path = Base.lproj/Main.storyboard; sourceTree = "<group>"; };
		7BB874F9274BB57B00082D28 /* Assets.xcassets */ = {isa = PBXFileReference; lastKnownFileType = folder.assetcatalog; path = Assets.xcassets; sourceTree = "<group>"; };
		7BB874FC274BB57B00082D28 /* Base */ = {isa = PBXFileReference; lastKnownFileType = file.storyboard; name = Base; path = Base.lproj/LaunchScreen.storyboard; sourceTree = "<group>"; };
		7BB874FE274BB57B00082D28 /* Info.plist */ = {isa = PBXFileReference; lastKnownFileType = text.plist.xml; path = Info.plist; sourceTree = "<group>"; };
		7BB87504274BBBD500082D28 /* ProfileCell.swift */ = {isa = PBXFileReference; lastKnownFileType = sourcecode.swift; path = ProfileCell.swift; sourceTree = "<group>"; };
		7BB87505274BBBD500082D28 /* ProfileCell.xib */ = {isa = PBXFileReference; lastKnownFileType = file.xib; path = ProfileCell.xib; sourceTree = "<group>"; };
		7BB87508274BC7B500082D28 /* MenuCell.swift */ = {isa = PBXFileReference; lastKnownFileType = sourcecode.swift; path = MenuCell.swift; sourceTree = "<group>"; };
		7BB87509274BC7B500082D28 /* MenuCell.xib */ = {isa = PBXFileReference; lastKnownFileType = file.xib; path = MenuCell.xib; sourceTree = "<group>"; };
		7BB8750C274BED0A00082D28 /* SettingModel.swift */ = {isa = PBXFileReference; lastKnownFileType = sourcecode.swift; path = SettingModel.swift; sourceTree = "<group>"; };
		7BB8750E274C060D00082D28 /* GeneralViewController.swift */ = {isa = PBXFileReference; lastKnownFileType = sourcecode.swift; path = GeneralViewController.swift; sourceTree = "<group>"; };
		7BB87510274C064D00082D28 /* GeneralViewController.storyboard */ = {isa = PBXFileReference; lastKnownFileType = file.storyboard; path = GeneralViewController.storyboard; sourceTree = "<group>"; };
/* End PBXFileReference section */

/* Begin PBXFrameworksBuildPhase section */
		7BB874EA274BB57A00082D28 /* Frameworks */ = {
			isa = PBXFrameworksBuildPhase;
			buildActionMask = 2147483647;
			files = (
			);
			runOnlyForDeploymentPostprocessing = 0;
		};
/* End PBXFrameworksBuildPhase section */

/* Begin PBXGroup section */
		7BB874E4274BB57A00082D28 = {
			isa = PBXGroup;
			children = (
				7BB874EF274BB57A00082D28 /* Setting_Clone_App */,
				7BB874EE274BB57A00082D28 /* Products */,
			);
			sourceTree = "<group>";
		};
		7BB874EE274BB57A00082D28 /* Products */ = {
			isa = PBXGroup;
			children = (
				7BB874ED274BB57A00082D28 /* Setting_Clone_App.app */,
			);
			name = Products;
			sourceTree = "<group>";
		};
		7BB874EF274BB57A00082D28 /* Setting_Clone_App */ = {
			isa = PBXGroup;
			children = (
				7BB874F0274BB57A00082D28 /* AppDelegate.swift */,
				7BB874F2274BB57A00082D28 /* SceneDelegate.swift */,
				7BB874F4274BB57A00082D28 /* ViewController.swift */,
				7BB8750C274BED0A00082D28 /* SettingModel.swift */,
				7BB87504274BBBD500082D28 /* ProfileCell.swift */,
				7BB87505274BBBD500082D28 /* ProfileCell.xib */,
				7BB87508274BC7B500082D28 /* MenuCell.swift */,
				7BB87509274BC7B500082D28 /* MenuCell.xib */,
				7BB874F6274BB57A00082D28 /* Main.storyboard */,
				7BB8750E274C060D00082D28 /* GeneralViewController.swift */,
				7BB87510274C064D00082D28 /* GeneralViewController.storyboard */,
				7BB874F9274BB57B00082D28 /* Assets.xcassets */,
				7BB874FB274BB57B00082D28 /* LaunchScreen.storyboard */,
				7BB874FE274BB57B00082D28 /* Info.plist */,
			);
			path = Setting_Clone_App;
			sourceTree = "<group>";
		};
/* End PBXGroup section */

/* Begin PBXNativeTarget section */
		7BB874EC274BB57A00082D28 /* Setting_Clone_App */ = {
			isa = PBXNativeTarget;
			buildConfigurationList = 7BB87501274BB57B00082D28 /* Build configuration list for PBXNativeTarget "Setting_Clone_App" */;
			buildPhases = (
				7BB874E9274BB57A00082D28 /* Sources */,
				7BB874EA274BB57A00082D28 /* Frameworks */,
				7BB874EB274BB57A00082D28 /* Resources */,
			);
			buildRules = (
			);
			dependencies = (
			);
			name = Setting_Clone_App;
			productName = Setting_Clone_App;
			productReference = 7BB874ED274BB57A00082D28 /* Setting_Clone_App.app */;
			productType = "com.apple.product-type.application";
		};
/* End PBXNativeTarget section */

/* Begin PBXProject section */
		7BB874E5274BB57A00082D28 /* Project object */ = {
			isa = PBXProject;
			attributes = {
				BuildIndependentTargetsInParallel = 1;
				LastSwiftUpdateCheck = 1310;
				LastUpgradeCheck = 1310;
				TargetAttributes = {
					7BB874EC274BB57A00082D28 = {
						CreatedOnToolsVersion = 13.1;
					};
				};
			};
			buildConfigurationList = 7BB874E8274BB57A00082D28 /* Build configuration list for PBXProject "Setting_Clone_App" */;
			compatibilityVersion = "Xcode 13.0";
			developmentRegion = en;
			hasScannedForEncodings = 0;
			knownRegions = (
				en,
				Base,
			);
			mainGroup = 7BB874E4274BB57A00082D28;
			productRefGroup = 7BB874EE274BB57A00082D28 /* Products */;
			projectDirPath = "";
			projectRoot = "";
			targets = (
				7BB874EC274BB57A00082D28 /* Setting_Clone_App */,
			);
		};
/* End PBXProject section */

/* Begin PBXResourcesBuildPhase section */
		7BB874EB274BB57A00082D28 /* Resources */ = {
			isa = PBXResourcesBuildPhase;
			buildActionMask = 2147483647;
			files = (
				7BB87511274C064D00082D28 /* GeneralViewController.storyboard in Resources */,
				7BB874FD274BB57B00082D28 /* LaunchScreen.storyboard in Resources */,
				7BB87507274BBBD500082D28 /* ProfileCell.xib in Resources */,
				7BB8750B274BC7B500082D28 /* MenuCell.xib in Resources */,
				7BB874FA274BB57B00082D28 /* Assets.xcassets in Resources */,
				7BB874F8274BB57A00082D28 /* Main.storyboard in Resources */,
			);
			runOnlyForDeploymentPostprocessing = 0;
		};
/* End PBXResourcesBuildPhase section */

/* Begin PBXSourcesBuildPhase section */
		7BB874E9274BB57A00082D28 /* Sources */ = {
			isa = PBXSourcesBuildPhase;
			buildActionMask = 2147483647;
			files = (
				7BB874F5274BB57A00082D28 /* ViewController.swift in Sources */,
				7BB8750F274C060D00082D28 /* GeneralViewController.swift in Sources */,
				7BB8750A274BC7B500082D28 /* MenuCell.swift in Sources */,
				7BB8750D274BED0A00082D28 /* SettingModel.swift in Sources */,
				7BB87506274BBBD500082D28 /* ProfileCell.swift in Sources */,
				7BB874F1274BB57A00082D28 /* AppDelegate.swift in Sources */,
				7BB874F3274BB57A00082D28 /* SceneDelegate.swift in Sources */,
			);
			runOnlyForDeploymentPostprocessing = 0;
		};
/* End PBXSourcesBuildPhase section */

/* Begin PBXVariantGroup section */
		7BB874F6274BB57A00082D28 /* Main.storyboard */ = {
			isa = PBXVariantGroup;
			children = (
				7BB874F7274BB57A00082D28 /* Base */,
			);
			name = Main.storyboard;
			sourceTree = "<group>";
		};
		7BB874FB274BB57B00082D28 /* LaunchScreen.storyboard */ = {
			isa = PBXVariantGroup;
			children = (
				7BB874FC274BB57B00082D28 /* Base */,
			);
			name = LaunchScreen.storyboard;
			sourceTree = "<group>";
		};
/* End PBXVariantGroup section */

/* Begin XCBuildConfiguration section */
		7BB874FF274BB57B00082D28 /* Debug */ = {
			isa = XCBuildConfiguration;
			buildSettings = {
				ALWAYS_SEARCH_USER_PATHS = NO;
				CLANG_ANALYZER_NONNULL = YES;
				CLANG_ANALYZER_NUMBER_OBJECT_CONVERSION = YES_AGGRESSIVE;
				CLANG_CXX_LANGUAGE_STANDARD = "gnu++17";
				CLANG_CXX_LIBRARY = "libc++";
				CLANG_ENABLE_MODULES = YES;
				CLANG_ENABLE_OBJC_ARC = YES;
				CLANG_ENABLE_OBJC_WEAK = YES;
				CLANG_WARN_BLOCK_CAPTURE_AUTORELEASING = YES;
				CLANG_WARN_BOOL_CONVERSION = YES;
				CLANG_WARN_COMMA = YES;
				CLANG_WARN_CONSTANT_CONVERSION = YES;
				CLANG_WARN_DEPRECATED_OBJC_IMPLEMENTATIONS = YES;
				CLANG_WARN_DIRECT_OBJC_ISA_USAGE = YES_ERROR;
				CLANG_WARN_DOCUMENTATION_COMMENTS = YES;
				CLANG_WARN_EMPTY_BODY = YES;
				CLANG_WARN_ENUM_CONVERSION = YES;
				CLANG_WARN_INFINITE_RECURSION = YES;
				CLANG_WARN_INT_CONVERSION = YES;
				CLANG_WARN_NON_LITERAL_NULL_CONVERSION = YES;
				CLANG_WARN_OBJC_IMPLICIT_RETAIN_SELF = YES;
				CLANG_WARN_OBJC_LITERAL_CONVERSION = YES;
				CLANG_WARN_OBJC_ROOT_CLASS = YES_ERROR;
				CLANG_WARN_QUOTED_INCLUDE_IN_FRAMEWORK_HEADER = YES;
				CLANG_WARN_RANGE_LOOP_ANALYSIS = YES;
				CLANG_WARN_STRICT_PROTOTYPES = YES;
				CLANG_WARN_SUSPICIOUS_MOVE = YES;
				CLANG_WARN_UNGUARDED_AVAILABILITY = YES_AGGRESSIVE;
				CLANG_WARN_UNREACHABLE_CODE = YES;
				CLANG_WARN__DUPLICATE_METHOD_MATCH = YES;
				COPY_PHASE_STRIP = NO;
				DEBUG_INFORMATION_FORMAT = dwarf;
				ENABLE_STRICT_OBJC_MSGSEND = YES;
				ENABLE_TESTABILITY = YES;
				GCC_C_LANGUAGE_STANDARD = gnu11;
				GCC_DYNAMIC_NO_PIC = NO;
				GCC_NO_COMMON_BLOCKS = YES;
				GCC_OPTIMIZATION_LEVEL = 0;
				GCC_PREPROCESSOR_DEFINITIONS = (
					"DEBUG=1",
					"$(inherited)",
				);
				GCC_WARN_64_TO_32_BIT_CONVERSION = YES;
				GCC_WARN_ABOUT_RETURN_TYPE = YES_ERROR;
				GCC_WARN_UNDECLARED_SELECTOR = YES;
				GCC_WARN_UNINITIALIZED_AUTOS = YES_AGGRESSIVE;
				GCC_WARN_UNUSED_FUNCTION = YES;
				GCC_WARN_UNUSED_VARIABLE = YES;
				IPHONEOS_DEPLOYMENT_TARGET = 15.0;
				MTL_ENABLE_DEBUG_INFO = INCLUDE_SOURCE;
				MTL_FAST_MATH = YES;
				ONLY_ACTIVE_ARCH = YES;
				SDKROOT = iphoneos;
				SWIFT_ACTIVE_COMPILATION_CONDITIONS = DEBUG;
				SWIFT_OPTIMIZATION_LEVEL = "-Onone";
			};
			name = Debug;
		};
		7BB87500274BB57B00082D28 /* Release */ = {
			isa = XCBuildConfiguration;
			buildSettings = {
				ALWAYS_SEARCH_USER_PATHS = NO;
				CLANG_ANALYZER_NONNULL = YES;
				CLANG_ANALYZER_NUMBER_OBJECT_CONVERSION = YES_AGGRESSIVE;
				CLANG_CXX_LANGUAGE_STANDARD = "gnu++17";
				CLANG_CXX_LIBRARY = "libc++";
				CLANG_ENABLE_MODULES = YES;
				CLANG_ENABLE_OBJC_ARC = YES;
				CLANG_ENABLE_OBJC_WEAK = YES;
				CLANG_WARN_BLOCK_CAPTURE_AUTORELEASING = YES;
				CLANG_WARN_BOOL_CONVERSION = YES;
				CLANG_WARN_COMMA = YES;
				CLANG_WARN_CONSTANT_CONVERSION = YES;
				CLANG_WARN_DEPRECATED_OBJC_IMPLEMENTATIONS = YES;
				CLANG_WARN_DIRECT_OBJC_ISA_USAGE = YES_ERROR;
				CLANG_WARN_DOCUMENTATION_COMMENTS = YES;
				CLANG_WARN_EMPTY_BODY = YES;
				CLANG_WARN_ENUM_CONVERSION = YES;
				CLANG_WARN_INFINITE_RECURSION = YES;
				CLANG_WARN_INT_CONVERSION = YES;
				CLANG_WARN_NON_LITERAL_NULL_CONVERSION = YES;
				CLANG_WARN_OBJC_IMPLICIT_RETAIN_SELF = YES;
				CLANG_WARN_OBJC_LITERAL_CONVERSION = YES;
				CLANG_WARN_OBJC_ROOT_CLASS = YES_ERROR;
				CLANG_WARN_QUOTED_INCLUDE_IN_FRAMEWORK_HEADER = YES;
				CLANG_WARN_RANGE_LOOP_ANALYSIS = YES;
				CLANG_WARN_STRICT_PROTOTYPES = YES;
				CLANG_WARN_SUSPICIOUS_MOVE = YES;
				CLANG_WARN_UNGUARDED_AVAILABILITY = YES_AGGRESSIVE;
				CLANG_WARN_UNREACHABLE_CODE = YES;
				CLANG_WARN__DUPLICATE_METHOD_MATCH = YES;
				COPY_PHASE_STRIP = NO;
				DEBUG_INFORMATION_FORMAT = "dwarf-with-dsym";
				ENABLE_NS_ASSERTIONS = NO;
				ENABLE_STRICT_OBJC_MSGSEND = YES;
				GCC_C_LANGUAGE_STANDARD = gnu11;
				GCC_NO_COMMON_BLOCKS = YES;
				GCC_WARN_64_TO_32_BIT_CONVERSION = YES;
				GCC_WARN_ABOUT_RETURN_TYPE = YES_ERROR;
				GCC_WARN_UNDECLARED_SELECTOR = YES;
				GCC_WARN_UNINITIALIZED_AUTOS = YES_AGGRESSIVE;
				GCC_WARN_UNUSED_FUNCTION = YES;
				GCC_WARN_UNUSED_VARIABLE = YES;
				IPHONEOS_DEPLOYMENT_TARGET = 15.0;
				MTL_ENABLE_DEBUG_INFO = NO;
				MTL_FAST_MATH = YES;
				SDKROOT = iphoneos;
				SWIFT_COMPILATION_MODE = wholemodule;
				SWIFT_OPTIMIZATION_LEVEL = "-O";
				VALIDATE_PRODUCT = YES;
			};
			name = Release;
		};
		7BB87502274BB57B00082D28 /* Debug */ = {
			isa = XCBuildConfiguration;
			buildSettings = {
				ASSETCATALOG_COMPILER_APPICON_NAME = AppIcon;
				ASSETCATALOG_COMPILER_GLOBAL_ACCENT_COLOR_NAME = AccentColor;
				CODE_SIGN_STYLE = Automatic;
				CURRENT_PROJECT_VERSION = 1;
				DEVELOPMENT_TEAM = Q7GAMSRDQJ;
				GENERATE_INFOPLIST_FILE = YES;
				INFOPLIST_FILE = Setting_Clone_App/Info.plist;
				INFOPLIST_KEY_UIApplicationSupportsIndirectInputEvents = YES;
				INFOPLIST_KEY_UILaunchStoryboardName = LaunchScreen;
				INFOPLIST_KEY_UIMainStoryboardFile = Main;
				INFOPLIST_KEY_UISupportedInterfaceOrientations_iPad = "UIInterfaceOrientationPortrait UIInterfaceOrientationPortraitUpsideDown UIInterfaceOrientationLandscapeLeft UIInterfaceOrientationLandscapeRight";
				INFOPLIST_KEY_UISupportedInterfaceOrientations_iPhone = "UIInterfaceOrientationPortrait UIInterfaceOrientationLandscapeLeft UIInterfaceOrientationLandscapeRight";
				LD_RUNPATH_SEARCH_PATHS = (
					"$(inherited)",
					"@executable_path/Frameworks",
				);
				MARKETING_VERSION = 1.0;
				PRODUCT_BUNDLE_IDENTIFIER = "com.SungKihun.Setting-Clone-App";
				PRODUCT_NAME = "$(TARGET_NAME)";
				SWIFT_EMIT_LOC_STRINGS = YES;
				SWIFT_VERSION = 5.0;
				TARGETED_DEVICE_FAMILY = "1,2";
			};
			name = Debug;
		};
		7BB87503274BB57B00082D28 /* Release */ = {
			isa = XCBuildConfiguration;
			buildSettings = {
				ASSETCATALOG_COMPILER_APPICON_NAME = AppIcon;
				ASSETCATALOG_COMPILER_GLOBAL_ACCENT_COLOR_NAME = AccentColor;
				CODE_SIGN_STYLE = Automatic;
				CURRENT_PROJECT_VERSION = 1;
				DEVELOPMENT_TEAM = Q7GAMSRDQJ;
				GENERATE_INFOPLIST_FILE = YES;
				INFOPLIST_FILE = Setting_Clone_App/Info.plist;
				INFOPLIST_KEY_UIApplicationSupportsIndirectInputEvents = YES;
				INFOPLIST_KEY_UILaunchStoryboardName = LaunchScreen;
				INFOPLIST_KEY_UIMainStoryboardFile = Main;
				INFOPLIST_KEY_UISupportedInterfaceOrientations_iPad = "UIInterfaceOrientationPortrait UIInterfaceOrientationPortraitUpsideDown UIInterfaceOrientationLandscapeLeft UIInterfaceOrientationLandscapeRight";
				INFOPLIST_KEY_UISupportedInterfaceOrientations_iPhone = "UIInterfaceOrientationPortrait UIInterfaceOrientationLandscapeLeft UIInterfaceOrientationLandscapeRight";
				LD_RUNPATH_SEARCH_PATHS = (
					"$(inherited)",
					"@executable_path/Frameworks",
				);
				MARKETING_VERSION = 1.0;
				PRODUCT_BUNDLE_IDENTIFIER = "com.SungKihun.Setting-Clone-App";
				PRODUCT_NAME = "$(TARGET_NAME)";
				SWIFT_EMIT_LOC_STRINGS = YES;
				SWIFT_VERSION = 5.0;
				TARGETED_DEVICE_FAMILY = "1,2";
			};
			name = Release;
		};
/* End XCBuildConfiguration section */

/* Begin XCConfigurationList section */
		7BB874E8274BB57A00082D28 /* Build configuration list for PBXProject "Setting_Clone_App" */ = {
			isa = XCConfigurationList;
			buildConfigurations = (
				7BB874FF274BB57B00082D28 /* Debug */,
				7BB87500274BB57B00082D28 /* Release */,
			);
			defaultConfigurationIsVisible = 0;
			defaultConfigurationName = Release;
		};
		7BB87501274BB57B00082D28 /* Build configuration list for PBXNativeTarget "Setting_Clone_App" */ = {
			isa = XCConfigurationList;
			buildConfigurations = (
				7BB87502274BB57B00082D28 /* Debug */,
				7BB87503274BB57B00082D28 /* Release */,
			);
			defaultConfigurationIsVisible = 0;
			defaultConfigurationName = Release;
		};
/* End XCConfigurationList section */
	};
	rootObject = 7BB874E5274BB57A00082D28 /* Project object */;
}
